PODS:
  - SnapKit (5.0.1)
  - SocketRocket (0.7.0)
  - StompClientLib (1.4.1):
    - SocketRocket
  - SwiftLint (0.53.0)

DEPENDENCIES:
  - SnapKit (~> 5.0.0)
  - StompClientLib
  - SwiftLint

SPEC REPOS:
  trunk:
    - SnapKit
    - SocketRocket
    - StompClientLib
    - SwiftLint

SPEC CHECKSUMS:
  SnapKit: 97b92857e3df3a0c71833cce143274bf6ef8e5eb
  SocketRocket: abac6f5de4d4d62d24e11868d7a2f427e0ef940d
  StompClientLib: ac40390e9660c574675f1c933bec81c8e2811a4f
  SwiftLint: 5ce4d6a8ff83f1b5fd5ad5dbf30965d35af65e44

PODFILE CHECKSUM: e01ec84fc58b86e60f96061716062ffc6f1b41f3

COCOAPODS: 1.11.3
