PODS:
  - RxSwift (6.0.0)
  - SnapKit (5.0.1)
  - SwiftLint (0.52.4)

DEPENDENCIES:
  - RxSwift (= 6.0.0)
  - SnapKit (~> 5.0.0)
  - SwiftLint

SPEC REPOS:
  trunk:
    - RxSwift
    - SnapKit
    - SwiftLint

SPEC CHECKSUMS:
  RxSwift: c14e798c59b9f6e9a2df8fd235602e85cc044295
  SnapKit: 97b92857e3df3a0c71833cce143274bf6ef8e5eb
  SwiftLint: 1cc5cd61ba9bacb2194e340aeb47a2a37fda00b3

PODFILE CHECKSUM: 97a8f941431ea607d583a5a3bf7a88f1df430349

COCOAPODS: 1.11.3
